// !$*UTF8*$!
{
	archiveVersion = 1;
	classes = {
	};
	objectVersion = 46;
	objects = {

/* Begin PBXBuildFile section */
		05264D791D816BE000714D6C /* ViewController.swift in Sources */ = {isa = PBXBuildFile; fileRef = 05264D781D816BE000714D6C /* ViewController.swift */; };
		05264D7B1D816BF900714D6C /* libCloudinary.a in Frameworks */ = {isa = PBXBuildFile; fileRef = 05264D7A1D816BF900714D6C /* libCloudinary.a */; };
		05264D851D816EE800714D6C /* Constant.swift in Sources */ = {isa = PBXBuildFile; fileRef = 05264D841D816EE800714D6C /* Constant.swift */; };
		05C1747C1D8168F50079A3DB /* AppDelegate.swift in Sources */ = {isa = PBXBuildFile; fileRef = 05C1747B1D8168F50079A3DB /* AppDelegate.swift */; };
		05C174811D8168F50079A3DB /* Main.storyboard in Resources */ = {isa = PBXBuildFile; fileRef = 05C1747F1D8168F50079A3DB /* Main.storyboard */; };
		05C174831D8168F50079A3DB /* Assets.xcassets in Resources */ = {isa = PBXBuildFile; fileRef = 05C174821D8168F50079A3DB /* Assets.xcassets */; };
		05C174861D8168F50079A3DB /* LaunchScreen.storyboard in Resources */ = {isa = PBXBuildFile; fileRef = 05C174841D8168F50079A3DB /* LaunchScreen.storyboard */; };
/* End PBXBuildFile section */

/* Begin PBXFileReference section */
		05264D781D816BE000714D6C /* ViewController.swift */ = {isa = PBXFileReference; fileEncoding = 4; lastKnownFileType = sourcecode.swift; path = ViewController.swift; sourceTree = "<group>"; };
		05264D7A1D816BF900714D6C /* libCloudinary.a */ = {isa = PBXFileReference; lastKnownFileType = archive.ar; path = libCloudinary.a; sourceTree = "<group>"; };
		05264D7D1D816C2000714D6C /* CLCloudinary.h */ = {isa = PBXFileReference; fileEncoding = 4; lastKnownFileType = sourcecode.c.h; path = CLCloudinary.h; sourceTree = "<group>"; };
		05264D7E1D816C2000714D6C /* CLEagerTransformation.h */ = {isa = PBXFileReference; fileEncoding = 4; lastKnownFileType = sourcecode.c.h; path = CLEagerTransformation.h; sourceTree = "<group>"; };
		05264D7F1D816C2000714D6C /* CLLayer.h */ = {isa = PBXFileReference; fileEncoding = 4; lastKnownFileType = sourcecode.c.h; path = CLLayer.h; sourceTree = "<group>"; };
		05264D801D816C2000714D6C /* Cloudinary.h */ = {isa = PBXFileReference; fileEncoding = 4; lastKnownFileType = sourcecode.c.h; path = Cloudinary.h; sourceTree = "<group>"; };
		05264D811D816C2000714D6C /* CLTransformation.h */ = {isa = PBXFileReference; fileEncoding = 4; lastKnownFileType = sourcecode.c.h; path = CLTransformation.h; sourceTree = "<group>"; };
		05264D821D816C2000714D6C /* CLUploader.h */ = {isa = PBXFileReference; fileEncoding = 4; lastKnownFileType = sourcecode.c.h; path = CLUploader.h; sourceTree = "<group>"; };
		05264D831D816E9A00714D6C /* Bridge-Header.h */ = {isa = PBXFileReference; lastKnownFileType = sourcecode.c.h; path = "Bridge-Header.h"; sourceTree = "<group>"; };
		05264D841D816EE800714D6C /* Constant.swift */ = {isa = PBXFileReference; fileEncoding = 4; lastKnownFileType = sourcecode.swift; path = Constant.swift; sourceTree = "<group>"; };
		05C174781D8168F50079A3DB /* Test.app */ = {isa = PBXFileReference; explicitFileType = wrapper.application; includeInIndex = 0; path = Test.app; sourceTree = BUILT_PRODUCTS_DIR; };
		05C1747B1D8168F50079A3DB /* AppDelegate.swift */ = {isa = PBXFileReference; lastKnownFileType = sourcecode.swift; path = AppDelegate.swift; sourceTree = "<group>"; };
		05C174801D8168F50079A3DB /* Base */ = {isa = PBXFileReference; lastKnownFileType = file.storyboard; name = Base; path = Base.lproj/Main.storyboard; sourceTree = "<group>"; };
		05C174821D8168F50079A3DB /* Assets.xcassets */ = {isa = PBXFileReference; lastKnownFileType = folder.assetcatalog; path = Assets.xcassets; sourceTree = "<group>"; };
		05C174851D8168F50079A3DB /* Base */ = {isa = PBXFileReference; lastKnownFileType = file.storyboard; name = Base; path = Base.lproj/LaunchScreen.storyboard; sourceTree = "<group>"; };
		05C174871D8168F50079A3DB /* Info.plist */ = {isa = PBXFileReference; lastKnownFileType = text.plist.xml; path = Info.plist; sourceTree = "<group>"; };
/* End PBXFileReference section */

/* Begin PBXFrameworksBuildPhase section */
		05C174751D8168F50079A3DB /* Frameworks */ = {
			isa = PBXFrameworksBuildPhase;
			buildActionMask = 2147483647;
			files = (
				05264D7B1D816BF900714D6C /* libCloudinary.a in Frameworks */,
			);
			runOnlyForDeploymentPostprocessing = 0;
		};
/* End PBXFrameworksBuildPhase section */

/* Begin PBXGroup section */
		05264D751D816BE000714D6C /* Framework */ = {
			isa = PBXGroup;
			children = (
				05264D7A1D816BF900714D6C /* libCloudinary.a */,
			);
			path = Framework;
			sourceTree = "<group>";
		};
		05264D761D816BE000714D6C /* ThirdParty */ = {
			isa = PBXGroup;
			children = (
				05264D7C1D816C2000714D6C /* Cloudinary */,
			);
			path = ThirdParty;
			sourceTree = "<group>";
		};
		05264D771D816BE000714D6C /* ViewControllers */ = {
			isa = PBXGroup;
			children = (
				05264D781D816BE000714D6C /* ViewController.swift */,
			);
			path = ViewControllers;
			sourceTree = "<group>";
		};
		05264D7C1D816C2000714D6C /* Cloudinary */ = {
			isa = PBXGroup;
			children = (
				05264D7D1D816C2000714D6C /* CLCloudinary.h */,
				05264D7E1D816C2000714D6C /* CLEagerTransformation.h */,
				05264D7F1D816C2000714D6C /* CLLayer.h */,
				05264D801D816C2000714D6C /* Cloudinary.h */,
				05264D811D816C2000714D6C /* CLTransformation.h */,
				05264D821D816C2000714D6C /* CLUploader.h */,
			);
			path = Cloudinary;
			sourceTree = "<group>";
		};
		05C1746F1D8168F50079A3DB = {
			isa = PBXGroup;
			children = (
				05C1747A1D8168F50079A3DB /* Test */,
				05C174791D8168F50079A3DB /* Products */,
				35A5E0B49A5CED5E794BB326 /* Frameworks */,
			);
			sourceTree = "<group>";
		};
		05C174791D8168F50079A3DB /* Products */ = {
			isa = PBXGroup;
			children = (
				05C174781D8168F50079A3DB /* Test.app */,
			);
			name = Products;
			sourceTree = "<group>";
		};
		05C1747A1D8168F50079A3DB /* Test */ = {
			isa = PBXGroup;
			children = (
				05264D751D816BE000714D6C /* Framework */,
				05264D761D816BE000714D6C /* ThirdParty */,
				05264D771D816BE000714D6C /* ViewControllers */,
				05C1747B1D8168F50079A3DB /* AppDelegate.swift */,
				05264D841D816EE800714D6C /* Constant.swift */,
				05C1747F1D8168F50079A3DB /* Main.storyboard */,
				05C174821D8168F50079A3DB /* Assets.xcassets */,
				05C174841D8168F50079A3DB /* LaunchScreen.storyboard */,
				05C174871D8168F50079A3DB /* Info.plist */,
				05264D831D816E9A00714D6C /* Bridge-Header.h */,
			);
			path = Test;
			sourceTree = "<group>";
		};
		35A5E0B49A5CED5E794BB326 /* Frameworks */ = {
			isa = PBXGroup;
			children = (
			);
			name = Frameworks;
			sourceTree = "<group>";
		};
/* End PBXGroup section */

/* Begin PBXNativeTarget section */
		05C174771D8168F50079A3DB /* Test */ = {
			isa = PBXNativeTarget;
			buildConfigurationList = 05C1748A1D8168F50079A3DB /* Build configuration list for PBXNativeTarget "Test" */;
			buildPhases = (
				05C174741D8168F50079A3DB /* Sources */,
				05C174751D8168F50079A3DB /* Frameworks */,
				05C174761D8168F50079A3DB /* Resources */,
			);
			buildRules = (
			);
			dependencies = (
			);
			name = Test;
			productName = Test;
			productReference = 05C174781D8168F50079A3DB /* Test.app */;
			productType = "com.apple.product-type.application";
		};
/* End PBXNativeTarget section */

/* Begin PBXProject section */
		05C174701D8168F50079A3DB /* Project object */ = {
			isa = PBXProject;
			attributes = {
				LastSwiftUpdateCheck = 0730;
				LastUpgradeCheck = 0730;
				ORGANIZATIONNAME = "Jecky Kukadiya";
				TargetAttributes = {
					05C174771D8168F50079A3DB = {
						CreatedOnToolsVersion = 7.3;
					};
				};
			};
			buildConfigurationList = 05C174731D8168F50079A3DB /* Build configuration list for PBXProject "Test" */;
			compatibilityVersion = "Xcode 3.2";
			developmentRegion = English;
			hasScannedForEncodings = 0;
			knownRegions = (
				en,
				Base,
			);
			mainGroup = 05C1746F1D8168F50079A3DB;
			productRefGroup = 05C174791D8168F50079A3DB /* Products */;
			projectDirPath = "";
			projectRoot = "";
			targets = (
				05C174771D8168F50079A3DB /* Test */,
			);
		};
/* End PBXProject section */

/* Begin PBXResourcesBuildPhase section */
		05C174761D8168F50079A3DB /* Resources */ = {
			isa = PBXResourcesBuildPhase;
			buildActionMask = 2147483647;
			files = (
				05C174861D8168F50079A3DB /* LaunchScreen.storyboard in Resources */,
				05C174831D8168F50079A3DB /* Assets.xcassets in Resources */,
				05C174811D8168F50079A3DB /* Main.storyboard in Resources */,
			);
			runOnlyForDeploymentPostprocessing = 0;
		};
/* End PBXResourcesBuildPhase section */

/* Begin PBXSourcesBuildPhase section */
		05C174741D8168F50079A3DB /* Sources */ = {
			isa = PBXSourcesBuildPhase;
			buildActionMask = 2147483647;
			files = (
				05264D791D816BE000714D6C /* ViewController.swift in Sources */,
				05C1747C1D8168F50079A3DB /* AppDelegate.swift in Sources */,
				05264D851D816EE800714D6C /* Constant.swift in Sources */,
			);
			runOnlyForDeploymentPostprocessing = 0;
		};
/* End PBXSourcesBuildPhase section */

/* Begin PBXVariantGroup section */
		05C1747F1D8168F50079A3DB /* Main.storyboard */ = {
			isa = PBXVariantGroup;
			children = (
				05C174801D8168F50079A3DB /* Base */,
			);
			name = Main.storyboard;
			sourceTree = "<group>";
		};
		05C174841D8168F50079A3DB /* LaunchScreen.storyboard */ = {
			isa = PBXVariantGroup;
			children = (
				05C174851D8168F50079A3DB /* Base */,
			);
			name = LaunchScreen.storyboard;
			sourceTree = "<group>";
		};
/* End PBXVariantGroup section */

/* Begin XCBuildConfiguration section */
		05C174881D8168F50079A3DB /* Debug */ = {
			isa = XCBuildConfiguration;
			buildSettings = {
				ALWAYS_SEARCH_USER_PATHS = NO;
				CLANG_ANALYZER_NONNULL = YES;
				CLANG_CXX_LANGUAGE_STANDARD = "gnu++0x";
				CLANG_CXX_LIBRARY = "libc++";
				CLANG_ENABLE_MODULES = YES;
				CLANG_ENABLE_OBJC_ARC = YES;
				CLANG_WARN_BOOL_CONVERSION = YES;
				CLANG_WARN_CONSTANT_CONVERSION = YES;
				CLANG_WARN_DIRECT_OBJC_ISA_USAGE = YES_ERROR;
				CLANG_WARN_EMPTY_BODY = YES;
				CLANG_WARN_ENUM_CONVERSION = YES;
				CLANG_WARN_INT_CONVERSION = YES;
				CLANG_WARN_OBJC_ROOT_CLASS = YES_ERROR;
				CLANG_WARN_UNREACHABLE_CODE = YES;
				CLANG_WARN__DUPLICATE_METHOD_MATCH = YES;
				"CODE_SIGN_IDENTITY[sdk=iphoneos*]" = "iPhone Developer";
				COPY_PHASE_STRIP = NO;
				DEBUG_INFORMATION_FORMAT = dwarf;
				ENABLE_STRICT_OBJC_MSGSEND = YES;
				ENABLE_TESTABILITY = YES;
				GCC_C_LANGUAGE_STANDARD = gnu99;
				GCC_DYNAMIC_NO_PIC = NO;
				GCC_NO_COMMON_BLOCKS = YES;
				GCC_OPTIMIZATION_LEVEL = 0;
				GCC_PREPROCESSOR_DEFINITIONS = (
					"DEBUG=1",
					"$(inherited)",
				);
				GCC_WARN_64_TO_32_BIT_CONVERSION = YES;
				GCC_WARN_ABOUT_RETURN_TYPE = YES_ERROR;
				GCC_WARN_UNDECLARED_SELECTOR = YES;
				GCC_WARN_UNINITIALIZED_AUTOS = YES_AGGRESSIVE;
				GCC_WARN_UNUSED_FUNCTION = YES;
				GCC_WARN_UNUSED_VARIABLE = YES;
				IPHONEOS_DEPLOYMENT_TARGET = 9.3;
				MTL_ENABLE_DEBUG_INFO = YES;
				ONLY_ACTIVE_ARCH = YES;
				SDKROOT = iphoneos;
				SWIFT_OPTIMIZATION_LEVEL = "-Onone";
				TARGETED_DEVICE_FAMILY = "1,2";
			};
			name = Debug;
		};
		05C174891D8168F50079A3DB /* Release */ = {
			isa = XCBuildConfiguration;
			buildSettings = {
				ALWAYS_SEARCH_USER_PATHS = NO;
				CLANG_ANALYZER_NONNULL = YES;
				CLANG_CXX_LANGUAGE_STANDARD = "gnu++0x";
				CLANG_CXX_LIBRARY = "libc++";
				CLANG_ENABLE_MODULES = YES;
				CLANG_ENABLE_OBJC_ARC = YES;
				CLANG_WARN_BOOL_CONVERSION = YES;
				CLANG_WARN_CONSTANT_CONVERSION = YES;
				CLANG_WARN_DIRECT_OBJC_ISA_USAGE = YES_ERROR;
				CLANG_WARN_EMPTY_BODY = YES;
				CLANG_WARN_ENUM_CONVERSION = YES;
				CLANG_WARN_INT_CONVERSION = YES;
				CLANG_WARN_OBJC_ROOT_CLASS = YES_ERROR;
				CLANG_WARN_UNREACHABLE_CODE = YES;
				CLANG_WARN__DUPLICATE_METHOD_MATCH = YES;
				"CODE_SIGN_IDENTITY[sdk=iphoneos*]" = "iPhone Developer";
				COPY_PHASE_STRIP = NO;
				DEBUG_INFORMATION_FORMAT = "dwarf-with-dsym";
				ENABLE_NS_ASSERTIONS = NO;
				ENABLE_STRICT_OBJC_MSGSEND = YES;
				GCC_C_LANGUAGE_STANDARD = gnu99;
				GCC_NO_COMMON_BLOCKS = YES;
				GCC_WARN_64_TO_32_BIT_CONVERSION = YES;
				GCC_WARN_ABOUT_RETURN_TYPE = YES_ERROR;
				GCC_WARN_UNDECLARED_SELECTOR = YES;
				GCC_WARN_UNINITIALIZED_AUTOS = YES_AGGRESSIVE;
				GCC_WARN_UNUSED_FUNCTION = YES;
				GCC_WARN_UNUSED_VARIABLE = YES;
				IPHONEOS_DEPLOYMENT_TARGET = 9.3;
				MTL_ENABLE_DEBUG_INFO = NO;
				SDKROOT = iphoneos;
				TARGETED_DEVICE_FAMILY = "1,2";
				VALIDATE_PRODUCT = YES;
			};
			name = Release;
		};
		05C1748B1D8168F50079A3DB /* Debug */ = {
			isa = XCBuildConfiguration;
			buildSettings = {
				ASSETCATALOG_COMPILER_APPICON_NAME = AppIcon;
				INFOPLIST_FILE = Test/Info.plist;
				LD_RUNPATH_SEARCH_PATHS = "$(inherited) @executable_path/Frameworks";
				LIBRARY_SEARCH_PATHS = (
					"$(inherited)",
					"$(PROJECT_DIR)/Test/Framework",
				);
				OTHER_LDFLAGS = "-ObjC";
				PRODUCT_BUNDLE_IDENTIFIER = com.Test;
				PRODUCT_NAME = "$(TARGET_NAME)";
				SWIFT_OBJC_BRIDGING_HEADER = "Test/Bridge-Header.h";
			};
			name = Debug;
		};
		05C1748C1D8168F50079A3DB /* Release */ = {
			isa = XCBuildConfiguration;
			buildSettings = {
				ASSETCATALOG_COMPILER_APPICON_NAME = AppIcon;
				INFOPLIST_FILE = Test/Info.plist;
				LD_RUNPATH_SEARCH_PATHS = "$(inherited) @executable_path/Frameworks";
				LIBRARY_SEARCH_PATHS = (
					"$(inherited)",
					"$(PROJECT_DIR)/Test/Framework",
				);
				OTHER_LDFLAGS = "-ObjC";
				PRODUCT_BUNDLE_IDENTIFIER = com.Test;
				PRODUCT_NAME = "$(TARGET_NAME)";
				SWIFT_OBJC_BRIDGING_HEADER = "Test/Bridge-Header.h";
			};
			name = Release;
		};
/* End XCBuildConfiguration section */

/* Begin XCConfigurationList section */
		05C174731D8168F50079A3DB /* Build configuration list for PBXProject "Test" */ = {
			isa = XCConfigurationList;
			buildConfigurations = (
				05C174881D8168F50079A3DB /* Debug */,
				05C174891D8168F50079A3DB /* Release */,
			);
			defaultConfigurationIsVisible = 0;
			defaultConfigurationName = Release;
		};
		05C1748A1D8168F50079A3DB /* Build configuration list for PBXNativeTarget "Test" */ = {
			isa = XCConfigurationList;
			buildConfigurations = (
				05C1748B1D8168F50079A3DB /* Debug */,
				05C1748C1D8168F50079A3DB /* Release */,
			);
			defaultConfigurationIsVisible = 0;
			defaultConfigurationName = Release;
		};
/* End XCConfigurationList section */
	};
	rootObject = 05C174701D8168F50079A3DB /* Project object */;
}
